
Microsoft Visual Studio Solution File, Format Version 12.00
# Visual Studio Version 17
VisualStudioVersion = 17.0.31903.59
MinimumVisualStudioVersion = 10.0.40219.1
Project("{2150E333-8FDC-42A3-9474-1A3956D46DE8}") = "src", "src", "{827E0CD3-B72D-47B6-A68D-7590B98EB39B}"
EndProject
Project("{FAE04EC0-301F-11D3-BF4B-00C04F79EFBC}") = "Application", "src\Application\Application.csproj", "{5EF0CCEA-D892-44DD-8025-B1974C8A0160}"
EndProject
Project("{FAE04EC0-301F-11D3-BF4B-00C04F79EFBC}") = "Domain", "src\Domain\Domain.csproj", "{68791511-61B5-4FE4-91DC-D44F4922B225}"
EndProject
Project("{2150E333-8FDC-42A3-9474-1A3956D46DE8}") = "Api", "Api", "{81034408-37C8-1011-444E-4C15C2FADA8E}"
EndProject
Project("{FAE04EC0-301F-11D3-BF4B-00C04F79EFBC}") = "Api", "src\Api\Api.csproj", "{BE3F9E2D-A9DF-4EA6-B302-33902893B2A9}"
EndProject
Project("{FAE04EC0-301F-11D3-BF4B-00C04F79EFBC}") = "Infrastructure", "src\Infrastructure\Infrastructure.csproj", "{83E0E426-C971-46D6-9D58-46934964CAF4}"
EndProject
Project("{2150E333-8FDC-42A3-9474-1A3956D46DE8}") = "tests", "tests", "{0AB3BF05-4346-4AA6-1389-037BE0695223}"
EndProject
Project("{2150E333-8FDC-42A3-9474-1A3956D46DE8}") = "unit", "unit", "{9D556B49-86D1-93A7-9596-FFAAB74EC556}"
EndProject
Project("{FAE04EC0-301F-11D3-BF4B-00C04F79EFBC}") = "UnitTests", "tests\unit\UnitTests.csproj", "{AA8A5C72-55DA-4F29-A92D-10AA4AC41FE3}"
EndProject
Global
	GlobalSection(SolutionConfigurationPlatforms) = preSolution
		Debug|Any CPU = Debug|Any CPU
		Debug|x64 = Debug|x64
		Debug|x86 = Debug|x86
		Release|Any CPU = Release|Any CPU
		Release|x64 = Release|x64
		Release|x86 = Release|x86
	EndGlobalSection
	GlobalSection(ProjectConfigurationPlatforms) = postSolution
		{5EF0CCEA-D892-44DD-8025-B1974C8A0160}.Debug|Any CPU.ActiveCfg = Debug|Any CPU
		{5EF0CCEA-D892-44DD-8025-B1974C8A0160}.Debug|Any CPU.Build.0 = Debug|Any CPU
		{5EF0CCEA-D892-44DD-8025-B1974C8A0160}.Debug|x64.ActiveCfg = Debug|Any CPU
		{5EF0CCEA-D892-44DD-8025-B1974C8A0160}.Debug|x64.Build.0 = Debug|Any CPU
		{5EF0CCEA-D892-44DD-8025-B1974C8A0160}.Debug|x86.ActiveCfg = Debug|Any CPU
		{5EF0CCEA-D892-44DD-8025-B1974C8A0160}.Debug|x86.Build.0 = Debug|Any CPU
		{5EF0CCEA-D892-44DD-8025-B1974C8A0160}.Release|Any CPU.ActiveCfg = Release|Any CPU
		{5EF0CCEA-D892-44DD-8025-B1974C8A0160}.Release|Any CPU.Build.0 = Release|Any CPU
		{5EF0CCEA-D892-44DD-8025-B1974C8A0160}.Release|x64.ActiveCfg = Release|Any CPU
		{5EF0CCEA-D892-44DD-8025-B1974C8A0160}.Release|x64.Build.0 = Release|Any CPU
		{5EF0CCEA-D892-44DD-8025-B1974C8A0160}.Release|x86.ActiveCfg = Release|Any CPU
		{5EF0CCEA-D892-44DD-8025-B1974C8A0160}.Release|x86.Build.0 = Release|Any CPU
		{68791511-61B5-4FE4-91DC-D44F4922B225}.Debug|Any CPU.ActiveCfg = Debug|Any CPU
		{68791511-61B5-4FE4-91DC-D44F4922B225}.Debug|Any CPU.Build.0 = Debug|Any CPU
		{68791511-61B5-4FE4-91DC-D44F4922B225}.Debug|x64.ActiveCfg = Debug|Any CPU
		{68791511-61B5-4FE4-91DC-D44F4922B225}.Debug|x64.Build.0 = Debug|Any CPU
		{68791511-61B5-4FE4-91DC-D44F4922B225}.Debug|x86.ActiveCfg = Debug|Any CPU
		{68791511-61B5-4FE4-91DC-D44F4922B225}.Debug|x86.Build.0 = Debug|Any CPU
		{68791511-61B5-4FE4-91DC-D44F4922B225}.Release|Any CPU.ActiveCfg = Release|Any CPU
		{68791511-61B5-4FE4-91DC-D44F4922B225}.Release|Any CPU.Build.0 = Release|Any CPU
		{68791511-61B5-4FE4-91DC-D44F4922B225}.Release|x64.ActiveCfg = Release|Any CPU
		{68791511-61B5-4FE4-91DC-D44F4922B225}.Release|x64.Build.0 = Release|Any CPU
		{68791511-61B5-4FE4-91DC-D44F4922B225}.Release|x86.ActiveCfg = Release|Any CPU
		{68791511-61B5-4FE4-91DC-D44F4922B225}.Release|x86.Build.0 = Release|Any CPU
		{BE3F9E2D-A9DF-4EA6-B302-33902893B2A9}.Debug|Any CPU.ActiveCfg = Debug|Any CPU
		{BE3F9E2D-A9DF-4EA6-B302-33902893B2A9}.Debug|Any CPU.Build.0 = Debug|Any CPU
		{BE3F9E2D-A9DF-4EA6-B302-33902893B2A9}.Debug|x64.ActiveCfg = Debug|Any CPU
		{BE3F9E2D-A9DF-4EA6-B302-33902893B2A9}.Debug|x64.Build.0 = Debug|Any CPU
		{BE3F9E2D-A9DF-4EA6-B302-33902893B2A9}.Debug|x86.ActiveCfg = Debug|Any CPU
		{BE3F9E2D-A9DF-4EA6-B302-33902893B2A9}.Debug|x86.Build.0 = Debug|Any CPU
		{BE3F9E2D-A9DF-4EA6-B302-33902893B2A9}.Release|Any CPU.ActiveCfg = Release|Any CPU
		{BE3F9E2D-A9DF-4EA6-B302-33902893B2A9}.Release|Any CPU.Build.0 = Release|Any CPU
		{BE3F9E2D-A9DF-4EA6-B302-33902893B2A9}.Release|x64.ActiveCfg = Release|Any CPU
		{BE3F9E2D-A9DF-4EA6-B302-33902893B2A9}.Release|x64.Build.0 = Release|Any CPU
		{BE3F9E2D-A9DF-4EA6-B302-33902893B2A9}.Release|x86.ActiveCfg = Release|Any CPU
		{BE3F9E2D-A9DF-4EA6-B302-33902893B2A9}.Release|x86.Build.0 = Release|Any CPU
		{83E0E426-C971-46D6-9D58-46934964CAF4}.Debug|Any CPU.ActiveCfg = Debug|Any CPU
		{83E0E426-C971-46D6-9D58-46934964CAF4}.Debug|Any CPU.Build.0 = Debug|Any CPU
		{83E0E426-C971-46D6-9D58-46934964CAF4}.Debug|x64.ActiveCfg = Debug|Any CPU
		{83E0E426-C971-46D6-9D58-46934964CAF4}.Debug|x64.Build.0 = Debug|Any CPU
		{83E0E426-C971-46D6-9D58-46934964CAF4}.Debug|x86.ActiveCfg = Debug|Any CPU
		{83E0E426-C971-46D6-9D58-46934964CAF4}.Debug|x86.Build.0 = Debug|Any CPU
		{83E0E426-C971-46D6-9D58-46934964CAF4}.Release|Any CPU.ActiveCfg = Release|Any CPU
		{83E0E426-C971-46D6-9D58-46934964CAF4}.Release|Any CPU.Build.0 = Release|Any CPU
		{83E0E426-C971-46D6-9D58-46934964CAF4}.Release|x64.ActiveCfg = Release|Any CPU
		{83E0E426-C971-46D6-9D58-46934964CAF4}.Release|x64.Build.0 = Release|Any CPU
		{83E0E426-C971-46D6-9D58-46934964CAF4}.Release|x86.ActiveCfg = Release|Any CPU
		{83E0E426-C971-46D6-9D58-46934964CAF4}.Release|x86.Build.0 = Release|Any CPU
		{AA8A5C72-55DA-4F29-A92D-10AA4AC41FE3}.Debug|Any CPU.ActiveCfg = Debug|Any CPU
		{AA8A5C72-55DA-4F29-A92D-10AA4AC41FE3}.Debug|Any CPU.Build.0 = Debug|Any CPU
		{AA8A5C72-55DA-4F29-A92D-10AA4AC41FE3}.Debug|x64.ActiveCfg = Debug|Any CPU
		{AA8A5C72-55DA-4F29-A92D-10AA4AC41FE3}.Debug|x64.Build.0 = Debug|Any CPU
		{AA8A5C72-55DA-4F29-A92D-10AA4AC41FE3}.Debug|x86.ActiveCfg = Debug|Any CPU
		{AA8A5C72-55DA-4F29-A92D-10AA4AC41FE3}.Debug|x86.Build.0 = Debug|Any CPU
		{AA8A5C72-55DA-4F29-A92D-10AA4AC41FE3}.Release|Any CPU.ActiveCfg = Release|Any CPU
		{AA8A5C72-55DA-4F29-A92D-10AA4AC41FE3}.Release|Any CPU.Build.0 = Release|Any CPU
		{AA8A5C72-55DA-4F29-A92D-10AA4AC41FE3}.Release|x64.ActiveCfg = Release|Any CPU
		{AA8A5C72-55DA-4F29-A92D-10AA4AC41FE3}.Release|x64.Build.0 = Release|Any CPU
		{AA8A5C72-55DA-4F29-A92D-10AA4AC41FE3}.Release|x86.ActiveCfg = Release|Any CPU
		{AA8A5C72-55DA-4F29-A92D-10AA4AC41FE3}.Release|x86.Build.0 = Release|Any CPU
	EndGlobalSection
	GlobalSection(SolutionProperties) = preSolution
		HideSolutionNode = FALSE
	EndGlobalSection
	GlobalSection(NestedProjects) = preSolution
		{5EF0CCEA-D892-44DD-8025-B1974C8A0160} = {827E0CD3-B72D-47B6-A68D-7590B98EB39B}
		{68791511-61B5-4FE4-91DC-D44F4922B225} = {827E0CD3-B72D-47B6-A68D-7590B98EB39B}
		{81034408-37C8-1011-444E-4C15C2FADA8E} = {827E0CD3-B72D-47B6-A68D-7590B98EB39B}
		{BE3F9E2D-A9DF-4EA6-B302-33902893B2A9} = {81034408-37C8-1011-444E-4C15C2FADA8E}
		{83E0E426-C971-46D6-9D58-46934964CAF4} = {827E0CD3-B72D-47B6-A68D-7590B98EB39B}
		{9D556B49-86D1-93A7-9596-FFAAB74EC556} = {0AB3BF05-4346-4AA6-1389-037BE0695223}
		{AA8A5C72-55DA-4F29-A92D-10AA4AC41FE3} = {9D556B49-86D1-93A7-9596-FFAAB74EC556}
	EndGlobalSection
EndGlobal
